
Microsoft Visual Studio Solution File, Format Version 12.00
# Visual Studio Version 16
VisualStudioVersion = 16.0.30804.86
MinimumVisualStudioVersion = 10.0.40219.1
Project("{FAE04EC0-301F-11D3-BF4B-00C04F79EFBC}") = "Application", "Application\Application.csproj", "{D3AF6D30-7320-4358-BF73-FF4E96AE22A2}"
EndProject
Project("{930C7802-8A8C-48F9-8165-68863BCCD9DD}") = "Setup", "Setup\Setup.wixproj", "{7E186967-4E4B-46E5-BFB6-35F416C7023C}"
	ProjectSection(ProjectDependencies) = postProject
		{8F022916-5734-48BF-9468-7019DDF5C748} = {8F022916-5734-48BF-9468-7019DDF5C748}
		{D3AF6D30-7320-4358-BF73-FF4E96AE22A2} = {D3AF6D30-7320-4358-BF73-FF4E96AE22A2}
	EndProjectSection
EndProject
Project("{FAE04EC0-301F-11D3-BF4B-00C04F79EFBC}") = "UnitTest", "UnitTest\UnitTest.csproj", "{9A2C3D9F-7B0E-415D-8092-01EF5C213A3F}"
EndProject
Project("{FAE04EC0-301F-11D3-BF4B-00C04F79EFBC}") = "StartSetup", "StartSetup\StartSetup.csproj", "{8F022916-5734-48BF-9468-7019DDF5C748}"
EndProject
Project("{FAE04EC0-301F-11D3-BF4B-00C04F79EFBC}") = "AdminApplication", "AdminApplication\AdminApplication.csproj", "{2C5C588A-7FB5-4727-98B5-65B0D76792D3}"
EndProject
Project("{FAE04EC0-301F-11D3-BF4B-00C04F79EFBC}") = "Common", "Common\Common.csproj", "{849BE2F8-4D35-43DA-A075-FD8672B8A687}"
EndProject
Global
	GlobalSection(SolutionConfigurationPlatforms) = preSolution
		Debug|Any CPU = Debug|Any CPU
		Debug|Mixed Platforms = Debug|Mixed Platforms
		Debug|x86 = Debug|x86
		Release|Any CPU = Release|Any CPU
		Release|Mixed Platforms = Release|Mixed Platforms
		Release|x86 = Release|x86
		UnitTest|Any CPU = UnitTest|Any CPU
		UnitTest|Mixed Platforms = UnitTest|Mixed Platforms
		UnitTest|x86 = UnitTest|x86
	EndGlobalSection
	GlobalSection(ProjectConfigurationPlatforms) = postSolution
		{D3AF6D30-7320-4358-BF73-FF4E96AE22A2}.Debug|Any CPU.ActiveCfg = Debug|Any CPU
		{D3AF6D30-7320-4358-BF73-FF4E96AE22A2}.Debug|Any CPU.Build.0 = Debug|Any CPU
		{D3AF6D30-7320-4358-BF73-FF4E96AE22A2}.Debug|Mixed Platforms.ActiveCfg = Debug|Any CPU
		{D3AF6D30-7320-4358-BF73-FF4E96AE22A2}.Debug|Mixed Platforms.Build.0 = Debug|Any CPU
		{D3AF6D30-7320-4358-BF73-FF4E96AE22A2}.Debug|x86.ActiveCfg = Debug|Any CPU
		{D3AF6D30-7320-4358-BF73-FF4E96AE22A2}.Debug|x86.Build.0 = Debug|Any CPU
		{D3AF6D30-7320-4358-BF73-FF4E96AE22A2}.Release|Any CPU.ActiveCfg = Release|Any CPU
		{D3AF6D30-7320-4358-BF73-FF4E96AE22A2}.Release|Any CPU.Build.0 = Release|Any CPU
		{D3AF6D30-7320-4358-BF73-FF4E96AE22A2}.Release|Mixed Platforms.ActiveCfg = Release|Any CPU
		{D3AF6D30-7320-4358-BF73-FF4E96AE22A2}.Release|Mixed Platforms.Build.0 = Release|Any CPU
		{D3AF6D30-7320-4358-BF73-FF4E96AE22A2}.Release|x86.ActiveCfg = Release|Any CPU
		{D3AF6D30-7320-4358-BF73-FF4E96AE22A2}.Release|x86.Build.0 = Release|Any CPU
		{D3AF6D30-7320-4358-BF73-FF4E96AE22A2}.UnitTest|Any CPU.ActiveCfg = Release|Any CPU
		{D3AF6D30-7320-4358-BF73-FF4E96AE22A2}.UnitTest|Any CPU.Build.0 = Release|Any CPU
		{D3AF6D30-7320-4358-BF73-FF4E96AE22A2}.UnitTest|Mixed Platforms.ActiveCfg = Release|Any CPU
		{D3AF6D30-7320-4358-BF73-FF4E96AE22A2}.UnitTest|Mixed Platforms.Build.0 = Release|Any CPU
		{D3AF6D30-7320-4358-BF73-FF4E96AE22A2}.UnitTest|x86.ActiveCfg = Release|Any CPU
		{D3AF6D30-7320-4358-BF73-FF4E96AE22A2}.UnitTest|x86.Build.0 = Release|Any CPU
		{7E186967-4E4B-46E5-BFB6-35F416C7023C}.Debug|Any CPU.ActiveCfg = Debug|x86
		{7E186967-4E4B-46E5-BFB6-35F416C7023C}.Debug|Mixed Platforms.ActiveCfg = Debug|x86
		{7E186967-4E4B-46E5-BFB6-35F416C7023C}.Debug|x86.ActiveCfg = Debug|x86
		{7E186967-4E4B-46E5-BFB6-35F416C7023C}.Release|Any CPU.ActiveCfg = Release|x86
		{7E186967-4E4B-46E5-BFB6-35F416C7023C}.Release|Mixed Platforms.ActiveCfg = Release|x86
		{7E186967-4E4B-46E5-BFB6-35F416C7023C}.Release|Mixed Platforms.Build.0 = Release|x86
		{7E186967-4E4B-46E5-BFB6-35F416C7023C}.Release|x86.ActiveCfg = Release|x86
		{7E186967-4E4B-46E5-BFB6-35F416C7023C}.UnitTest|Any CPU.ActiveCfg = Release|x86
		{7E186967-4E4B-46E5-BFB6-35F416C7023C}.UnitTest|Any CPU.Build.0 = Release|x86
		{7E186967-4E4B-46E5-BFB6-35F416C7023C}.UnitTest|Mixed Platforms.ActiveCfg = Release|x86
		{7E186967-4E4B-46E5-BFB6-35F416C7023C}.UnitTest|Mixed Platforms.Build.0 = Release|x86
		{7E186967-4E4B-46E5-BFB6-35F416C7023C}.UnitTest|x86.ActiveCfg = Release|x86
		{7E186967-4E4B-46E5-BFB6-35F416C7023C}.UnitTest|x86.Build.0 = Release|x86
		{9A2C3D9F-7B0E-415D-8092-01EF5C213A3F}.Debug|Any CPU.ActiveCfg = Debug|Any CPU
		{9A2C3D9F-7B0E-415D-8092-01EF5C213A3F}.Debug|Mixed Platforms.ActiveCfg = Debug|Any CPU
		{9A2C3D9F-7B0E-415D-8092-01EF5C213A3F}.Debug|x86.ActiveCfg = Debug|Any CPU
		{9A2C3D9F-7B0E-415D-8092-01EF5C213A3F}.Release|Any CPU.ActiveCfg = Release|Any CPU
		{9A2C3D9F-7B0E-415D-8092-01EF5C213A3F}.Release|Mixed Platforms.ActiveCfg = Release|Any CPU
		{9A2C3D9F-7B0E-415D-8092-01EF5C213A3F}.Release|Mixed Platforms.Build.0 = Release|Any CPU
		{9A2C3D9F-7B0E-415D-8092-01EF5C213A3F}.Release|x86.ActiveCfg = Release|Any CPU
		{9A2C3D9F-7B0E-415D-8092-01EF5C213A3F}.UnitTest|Any CPU.ActiveCfg = Release|Any CPU
		{9A2C3D9F-7B0E-415D-8092-01EF5C213A3F}.UnitTest|Any CPU.Build.0 = Release|Any CPU
		{9A2C3D9F-7B0E-415D-8092-01EF5C213A3F}.UnitTest|Mixed Platforms.ActiveCfg = Release|Any CPU
		{9A2C3D9F-7B0E-415D-8092-01EF5C213A3F}.UnitTest|Mixed Platforms.Build.0 = Release|Any CPU
		{9A2C3D9F-7B0E-415D-8092-01EF5C213A3F}.UnitTest|x86.ActiveCfg = Release|Any CPU
		{9A2C3D9F-7B0E-415D-8092-01EF5C213A3F}.UnitTest|x86.Build.0 = Release|Any CPU
		{8F022916-5734-48BF-9468-7019DDF5C748}.Debug|Any CPU.ActiveCfg = Debug|Any CPU
		{8F022916-5734-48BF-9468-7019DDF5C748}.Debug|Any CPU.Build.0 = Debug|Any CPU
		{8F022916-5734-48BF-9468-7019DDF5C748}.Debug|Mixed Platforms.ActiveCfg = Debug|Any CPU
		{8F022916-5734-48BF-9468-7019DDF5C748}.Debug|x86.ActiveCfg = Debug|Any CPU
		{8F022916-5734-48BF-9468-7019DDF5C748}.Debug|x86.Build.0 = Debug|Any CPU
		{8F022916-5734-48BF-9468-7019DDF5C748}.Release|Any CPU.ActiveCfg = Release|Any CPU
		{8F022916-5734-48BF-9468-7019DDF5C748}.Release|Any CPU.Build.0 = Release|Any CPU
		{8F022916-5734-48BF-9468-7019DDF5C748}.Release|Mixed Platforms.ActiveCfg = Release|Any CPU
		{8F022916-5734-48BF-9468-7019DDF5C748}.Release|Mixed Platforms.Build.0 = Release|Any CPU
		{8F022916-5734-48BF-9468-7019DDF5C748}.Release|x86.ActiveCfg = Release|Any CPU
		{8F022916-5734-48BF-9468-7019DDF5C748}.Release|x86.Build.0 = Release|Any CPU
		{8F022916-5734-48BF-9468-7019DDF5C748}.UnitTest|Any CPU.ActiveCfg = Release|Any CPU
		{8F022916-5734-48BF-9468-7019DDF5C748}.UnitTest|Any CPU.Build.0 = Release|Any CPU
		{8F022916-5734-48BF-9468-7019DDF5C748}.UnitTest|Mixed Platforms.ActiveCfg = Release|Any CPU
		{8F022916-5734-48BF-9468-7019DDF5C748}.UnitTest|Mixed Platforms.Build.0 = Release|Any CPU
		{8F022916-5734-48BF-9468-7019DDF5C748}.UnitTest|x86.ActiveCfg = Release|Any CPU
		{8F022916-5734-48BF-9468-7019DDF5C748}.UnitTest|x86.Build.0 = Release|Any CPU
		{2C5C588A-7FB5-4727-98B5-65B0D76792D3}.Debug|Any CPU.ActiveCfg = Debug|Any CPU
		{2C5C588A-7FB5-4727-98B5-65B0D76792D3}.Debug|Any CPU.Build.0 = Debug|Any CPU
		{2C5C588A-7FB5-4727-98B5-65B0D76792D3}.Debug|Mixed Platforms.ActiveCfg = Debug|Any CPU
		{2C5C588A-7FB5-4727-98B5-65B0D76792D3}.Debug|Mixed Platforms.Build.0 = Debug|Any CPU
		{2C5C588A-7FB5-4727-98B5-65B0D76792D3}.Debug|x86.ActiveCfg = Debug|Any CPU
		{2C5C588A-7FB5-4727-98B5-65B0D76792D3}.Debug|x86.Build.0 = Debug|Any CPU
		{2C5C588A-7FB5-4727-98B5-65B0D76792D3}.Release|Any CPU.ActiveCfg = Release|Any CPU
		{2C5C588A-7FB5-4727-98B5-65B0D76792D3}.Release|Any CPU.Build.0 = Release|Any CPU
		{2C5C588A-7FB5-4727-98B5-65B0D76792D3}.Release|Mixed Platforms.ActiveCfg = Release|Any CPU
		{2C5C588A-7FB5-4727-98B5-65B0D76792D3}.Release|Mixed Platforms.Build.0 = Release|Any CPU
		{2C5C588A-7FB5-4727-98B5-65B0D76792D3}.Release|x86.ActiveCfg = Release|Any CPU
		{2C5C588A-7FB5-4727-98B5-65B0D76792D3}.Release|x86.Build.0 = Release|Any CPU
		{2C5C588A-7FB5-4727-98B5-65B0D76792D3}.UnitTest|Any CPU.ActiveCfg = Release|Any CPU
		{2C5C588A-7FB5-4727-98B5-65B0D76792D3}.UnitTest|Any CPU.Build.0 = Release|Any CPU
		{2C5C588A-7FB5-4727-98B5-65B0D76792D3}.UnitTest|Mixed Platforms.ActiveCfg = Release|Any CPU
		{2C5C588A-7FB5-4727-98B5-65B0D76792D3}.UnitTest|Mixed Platforms.Build.0 = Release|Any CPU
		{2C5C588A-7FB5-4727-98B5-65B0D76792D3}.UnitTest|x86.ActiveCfg = Release|Any CPU
		{2C5C588A-7FB5-4727-98B5-65B0D76792D3}.UnitTest|x86.Build.0 = Release|Any CPU
		{849BE2F8-4D35-43DA-A075-FD8672B8A687}.Debug|Any CPU.ActiveCfg = Debug|Any CPU
		{849BE2F8-4D35-43DA-A075-FD8672B8A687}.Debug|Any CPU.Build.0 = Debug|Any CPU
		{849BE2F8-4D35-43DA-A075-FD8672B8A687}.Debug|Mixed Platforms.ActiveCfg = Debug|Any CPU
		{849BE2F8-4D35-43DA-A075-FD8672B8A687}.Debug|Mixed Platforms.Build.0 = Debug|Any CPU
		{849BE2F8-4D35-43DA-A075-FD8672B8A687}.Debug|x86.ActiveCfg = Debug|Any CPU
		{849BE2F8-4D35-43DA-A075-FD8672B8A687}.Debug|x86.Build.0 = Debug|Any CPU
		{849BE2F8-4D35-43DA-A075-FD8672B8A687}.Release|Any CPU.ActiveCfg = Release|Any CPU
		{849BE2F8-4D35-43DA-A075-FD8672B8A687}.Release|Any CPU.Build.0 = Release|Any CPU
		{849BE2F8-4D35-43DA-A075-FD8672B8A687}.Release|Mixed Platforms.ActiveCfg = Release|Any CPU
		{849BE2F8-4D35-43DA-A075-FD8672B8A687}.Release|Mixed Platforms.Build.0 = Release|Any CPU
		{849BE2F8-4D35-43DA-A075-FD8672B8A687}.Release|x86.ActiveCfg = Release|Any CPU
		{849BE2F8-4D35-43DA-A075-FD8672B8A687}.Release|x86.Build.0 = Release|Any CPU
		{849BE2F8-4D35-43DA-A075-FD8672B8A687}.UnitTest|Any CPU.ActiveCfg = Release|Any CPU
		{849BE2F8-4D35-43DA-A075-FD8672B8A687}.UnitTest|Any CPU.Build.0 = Release|Any CPU
		{849BE2F8-4D35-43DA-A075-FD8672B8A687}.UnitTest|Mixed Platforms.ActiveCfg = Release|Any CPU
		{849BE2F8-4D35-43DA-A075-FD8672B8A687}.UnitTest|Mixed Platforms.Build.0 = Release|Any CPU
		{849BE2F8-4D35-43DA-A075-FD8672B8A687}.UnitTest|x86.ActiveCfg = Release|Any CPU
		{849BE2F8-4D35-43DA-A075-FD8672B8A687}.UnitTest|x86.Build.0 = Release|Any CPU
	EndGlobalSection
	GlobalSection(SolutionProperties) = preSolution
		HideSolutionNode = FALSE
	EndGlobalSection
	GlobalSection(ExtensibilityGlobals) = postSolution
		SolutionGuid = {B9F424B0-83D3-4393-8CB7-E270613188F2}
	EndGlobalSection
	GlobalSection(SubversionScc) = preSolution
		Svn-Managed = True
		Manager = AnkhSVN - Subversion Support for Visual Studio
	EndGlobalSection
EndGlobal
